
Microsoft Visual Studio Solution File, Format Version 12.00
# Visual Studio Version 16
VisualStudioVersion = 16.0.30413.136
MinimumVisualStudioVersion = 10.0.40219.1
Project("{9A19103F-16F7-4668-BE54-9A1E7A4F7556}") = "TestWorkerService", "TestWorkerService\TestWorkerService.csproj", "{677BFF6F-80F3-4ACE-8100-77AA03775EB9}"
EndProject
Project("{FAE04EC0-301F-11D3-BF4B-00C04F79EFBC}") = "WcfService1", "WcfService1\WcfService1.csproj", "{AD0F7C45-F348-4F5D-BD73-266843610603}"
EndProject
Global
	GlobalSection(SolutionConfigurationPlatforms) = preSolution
		Debug|Any CPU = Debug|Any CPU
		Release|Any CPU = Release|Any CPU
	EndGlobalSection
	GlobalSection(ProjectConfigurationPlatforms) = postSolution
		{677BFF6F-80F3-4ACE-8100-77AA03775EB9}.Debug|Any CPU.ActiveCfg = Debug|Any CPU
		{677BFF6F-80F3-4ACE-8100-77AA03775EB9}.Debug|Any CPU.Build.0 = Debug|Any CPU
		{677BFF6F-80F3-4ACE-8100-77AA03775EB9}.Release|Any CPU.ActiveCfg = Release|Any CPU
		{677BFF6F-80F3-4ACE-8100-77AA03775EB9}.Release|Any CPU.Build.0 = Release|Any CPU
		{AD0F7C45-F348-4F5D-BD73-266843610603}.Debug|Any CPU.ActiveCfg = Debug|Any CPU
		{AD0F7C45-F348-4F5D-BD73-266843610603}.Debug|Any CPU.Build.0 = Debug|Any CPU
		{AD0F7C45-F348-4F5D-BD73-266843610603}.Release|Any CPU.ActiveCfg = Release|Any CPU
		{AD0F7C45-F348-4F5D-BD73-266843610603}.Release|Any CPU.Build.0 = Release|Any CPU
	EndGlobalSection
	GlobalSection(SolutionProperties) = preSolution
		HideSolutionNode = FALSE
	EndGlobalSection
	GlobalSection(ExtensibilityGlobals) = postSolution
		SolutionGuid = {3C865D80-2FD8-41EF-A7AF-928F4F5A02CB}
	EndGlobalSection
EndGlobal
